
Microsoft Visual Studio Solution File, Format Version 12.00
# Visual Studio Version 16
VisualStudioVersion = 16.0.29306.81
MinimumVisualStudioVersion = 10.0.40219.1
Project("{FAE04EC0-301F-11D3-BF4B-00C04F79EFBC}") = "1SimpleThread", "ThreadTutorials\1SimpleThread.csproj", "{9B260AA5-3F25-4925-ACA6-3CECAE3919BD}"
EndProject
Project("{FAE04EC0-301F-11D3-BF4B-00C04F79EFBC}") = "BackgroundThread", "BackgroundThread\BackgroundThread.csproj", "{261740CD-11A3-4F06-9687-4747E0AAD99A}"
EndProject
Project("{FAE04EC0-301F-11D3-BF4B-00C04F79EFBC}") = "2StoppableThread", "StoppableThread\2StoppableThread.csproj", "{FBB59573-E532-438B-9E71-9B2415928CA3}"
EndProject
Global
	GlobalSection(SolutionConfigurationPlatforms) = preSolution
		Debug|Any CPU = Debug|Any CPU
		Release|Any CPU = Release|Any CPU
	EndGlobalSection
	GlobalSection(ProjectConfigurationPlatforms) = postSolution
		{9B260AA5-3F25-4925-ACA6-3CECAE3919BD}.Debug|Any CPU.ActiveCfg = Debug|Any CPU
		{9B260AA5-3F25-4925-ACA6-3CECAE3919BD}.Debug|Any CPU.Build.0 = Debug|Any CPU
		{9B260AA5-3F25-4925-ACA6-3CECAE3919BD}.Release|Any CPU.ActiveCfg = Release|Any CPU
		{9B260AA5-3F25-4925-ACA6-3CECAE3919BD}.Release|Any CPU.Build.0 = Release|Any CPU
		{261740CD-11A3-4F06-9687-4747E0AAD99A}.Debug|Any CPU.ActiveCfg = Debug|Any CPU
		{261740CD-11A3-4F06-9687-4747E0AAD99A}.Debug|Any CPU.Build.0 = Debug|Any CPU
		{261740CD-11A3-4F06-9687-4747E0AAD99A}.Release|Any CPU.ActiveCfg = Release|Any CPU
		{261740CD-11A3-4F06-9687-4747E0AAD99A}.Release|Any CPU.Build.0 = Release|Any CPU
		{FBB59573-E532-438B-9E71-9B2415928CA3}.Debug|Any CPU.ActiveCfg = Debug|Any CPU
		{FBB59573-E532-438B-9E71-9B2415928CA3}.Debug|Any CPU.Build.0 = Debug|Any CPU
		{FBB59573-E532-438B-9E71-9B2415928CA3}.Release|Any CPU.ActiveCfg = Release|Any CPU
		{FBB59573-E532-438B-9E71-9B2415928CA3}.Release|Any CPU.Build.0 = Release|Any CPU
	EndGlobalSection
	GlobalSection(SolutionProperties) = preSolution
		HideSolutionNode = FALSE
	EndGlobalSection
	GlobalSection(ExtensibilityGlobals) = postSolution
		SolutionGuid = {FB8A60CE-CC50-4A67-B91E-DAAC0E0104CB}
	EndGlobalSection
EndGlobal
